
Microsoft Visual Studio Solution File, Format Version 12.00
# Visual Studio Version 16
VisualStudioVersion = 16.0.30907.101
MinimumVisualStudioVersion = 10.0.40219.1
Project("{FAE04EC0-301F-11D3-BF4B-00C04F79EFBC}") = "MyChat", "MyChat\MyChat.csproj", "{FC568D2A-4C46-4D55-A8E4-0E2222598568}"
EndProject
Global
	GlobalSection(SolutionConfigurationPlatforms) = preSolution
		Debug|Any CPU = Debug|Any CPU
		Release|Any CPU = Release|Any CPU
	EndGlobalSection
	GlobalSection(ProjectConfigurationPlatforms) = postSolution
		{FC568D2A-4C46-4D55-A8E4-0E2222598568}.Debug|Any CPU.ActiveCfg = Debug|Any CPU
		{FC568D2A-4C46-4D55-A8E4-0E2222598568}.Debug|Any CPU.Build.0 = Debug|Any CPU
		{FC568D2A-4C46-4D55-A8E4-0E2222598568}.Release|Any CPU.ActiveCfg = Release|Any CPU
		{FC568D2A-4C46-4D55-A8E4-0E2222598568}.Release|Any CPU.Build.0 = Release|Any CPU
	EndGlobalSection
	GlobalSection(SolutionProperties) = preSolution
		HideSolutionNode = FALSE
	EndGlobalSection
	GlobalSection(ExtensibilityGlobals) = postSolution
		SolutionGuid = {F8657E88-9AD8-4B67-BA11-03C88BF2ADA0}
	EndGlobalSection
EndGlobal
